
Microsoft Visual Studio Solution File, Format Version 12.00
# Visual Studio Version 17
VisualStudioVersion = 17.13.35931.197 d17.13
MinimumVisualStudioVersion = 10.0.40219.1
Project("{FAE04EC0-301F-11D3-BF4B-00C04F79EFBC}") = "IdentityServer", "IdentityServer\IdentityServer.csproj", "{4FD2E8B2-02F6-427C-9299-E48414DB34CD}"
EndProject
Project("{FAE04EC0-301F-11D3-BF4B-00C04F79EFBC}") = "ApiDemo", "ApiDemo\ApiDemo.csproj", "{72D03905-D57A-47E7-8EE6-C3E768AD9BDB}"
EndProject
Global
	GlobalSection(SolutionConfigurationPlatforms) = preSolution
		Debug|Any CPU = Debug|Any CPU
		Release|Any CPU = Release|Any CPU
	EndGlobalSection
	GlobalSection(ProjectConfigurationPlatforms) = postSolution
		{4FD2E8B2-02F6-427C-9299-E48414DB34CD}.Debug|Any CPU.ActiveCfg = Debug|Any CPU
		{4FD2E8B2-02F6-427C-9299-E48414DB34CD}.Debug|Any CPU.Build.0 = Debug|Any CPU
		{4FD2E8B2-02F6-427C-9299-E48414DB34CD}.Release|Any CPU.ActiveCfg = Release|Any CPU
		{4FD2E8B2-02F6-427C-9299-E48414DB34CD}.Release|Any CPU.Build.0 = Release|Any CPU
		{72D03905-D57A-47E7-8EE6-C3E768AD9BDB}.Debug|Any CPU.ActiveCfg = Debug|Any CPU
		{72D03905-D57A-47E7-8EE6-C3E768AD9BDB}.Debug|Any CPU.Build.0 = Debug|Any CPU
		{72D03905-D57A-47E7-8EE6-C3E768AD9BDB}.Release|Any CPU.ActiveCfg = Release|Any CPU
		{72D03905-D57A-47E7-8EE6-C3E768AD9BDB}.Release|Any CPU.Build.0 = Release|Any CPU
	EndGlobalSection
	GlobalSection(SolutionProperties) = preSolution
		HideSolutionNode = FALSE
	EndGlobalSection
	GlobalSection(ExtensibilityGlobals) = postSolution
		SolutionGuid = {B3ED9F2B-497C-482D-BB3E-3E228F3FC804}
	EndGlobalSection
EndGlobal
